// !$*UTF8*$!
{
	archiveVersion = 1;
	classes = {
	};
	objectVersion = 46;
	objects = {

/* Begin PBXBuildFile section */
		35060FF81ECB3CD1004DC913 /* AppDelegate.swift in Sources */ = {isa = PBXBuildFile; fileRef = 35060FF71ECB3CD1004DC913 /* AppDelegate.swift */; };
		35060FFA1ECB3CD1004DC913 /* ViewController.swift in Sources */ = {isa = PBXBuildFile; fileRef = 35060FF91ECB3CD1004DC913 /* ViewController.swift */; };
		35060FFD1ECB3CD1004DC913 /* Main.storyboard in Resources */ = {isa = PBXBuildFile; fileRef = 35060FFB1ECB3CD1004DC913 /* Main.storyboard */; };
		35060FFF1ECB3CD1004DC913 /* Assets.xcassets in Resources */ = {isa = PBXBuildFile; fileRef = 35060FFE1ECB3CD1004DC913 /* Assets.xcassets */; };
		350610021ECB3CD1004DC913 /* LaunchScreen.storyboard in Resources */ = {isa = PBXBuildFile; fileRef = 350610001ECB3CD1004DC913 /* LaunchScreen.storyboard */; };
		3506100D1ECB3CD1004DC913 /* DevAppTests.swift in Sources */ = {isa = PBXBuildFile; fileRef = 3506100C1ECB3CD1004DC913 /* DevAppTests.swift */; };
		350610181ECB3CD1004DC913 /* DevAppUITests.swift in Sources */ = {isa = PBXBuildFile; fileRef = 350610171ECB3CD1004DC913 /* DevAppUITests.swift */; };
/* End PBXBuildFile section */

/* Begin PBXContainerItemProxy section */
		350610091ECB3CD1004DC913 /* PBXContainerItemProxy */ = {
			isa = PBXContainerItemProxy;
			containerPortal = 35060FEC1ECB3CD0004DC913 /* Project object */;
			proxyType = 1;
			remoteGlobalIDString = 35060FF31ECB3CD1004DC913;
			remoteInfo = DevApp;
		};
		350610141ECB3CD1004DC913 /* PBXContainerItemProxy */ = {
			isa = PBXContainerItemProxy;
			containerPortal = 35060FEC1ECB3CD0004DC913 /* Project object */;
			proxyType = 1;
			remoteGlobalIDString = 35060FF31ECB3CD1004DC913;
			remoteInfo = DevApp;
		};
/* End PBXContainerItemProxy section */

/* Begin PBXFileReference section */
		35060FF41ECB3CD1004DC913 /* DevApp.app */ = {isa = PBXFileReference; explicitFileType = wrapper.application; includeInIndex = 0; path = DevApp.app; sourceTree = BUILT_PRODUCTS_DIR; };
		35060FF71ECB3CD1004DC913 /* AppDelegate.swift */ = {isa = PBXFileReference; lastKnownFileType = sourcecode.swift; path = AppDelegate.swift; sourceTree = "<group>"; };
		35060FF91ECB3CD1004DC913 /* ViewController.swift */ = {isa = PBXFileReference; lastKnownFileType = sourcecode.swift; path = ViewController.swift; sourceTree = "<group>"; };
		35060FFC1ECB3CD1004DC913 /* Base */ = {isa = PBXFileReference; lastKnownFileType = file.storyboard; name = Base; path = Base.lproj/Main.storyboard; sourceTree = "<group>"; };
		35060FFE1ECB3CD1004DC913 /* Assets.xcassets */ = {isa = PBXFileReference; lastKnownFileType = folder.assetcatalog; path = Assets.xcassets; sourceTree = "<group>"; };
		350610011ECB3CD1004DC913 /* Base */ = {isa = PBXFileReference; lastKnownFileType = file.storyboard; name = Base; path = Base.lproj/LaunchScreen.storyboard; sourceTree = "<group>"; };
		350610031ECB3CD1004DC913 /* Info.plist */ = {isa = PBXFileReference; lastKnownFileType = text.plist.xml; path = Info.plist; sourceTree = "<group>"; };
		350610081ECB3CD1004DC913 /* DevAppTests.xctest */ = {isa = PBXFileReference; explicitFileType = wrapper.cfbundle; includeInIndex = 0; path = DevAppTests.xctest; sourceTree = BUILT_PRODUCTS_DIR; };
		3506100C1ECB3CD1004DC913 /* DevAppTests.swift */ = {isa = PBXFileReference; lastKnownFileType = sourcecode.swift; path = DevAppTests.swift; sourceTree = "<group>"; };
		3506100E1ECB3CD1004DC913 /* Info.plist */ = {isa = PBXFileReference; lastKnownFileType = text.plist.xml; path = Info.plist; sourceTree = "<group>"; };
		350610131ECB3CD1004DC913 /* DevAppUITests.xctest */ = {isa = PBXFileReference; explicitFileType = wrapper.cfbundle; includeInIndex = 0; path = DevAppUITests.xctest; sourceTree = BUILT_PRODUCTS_DIR; };
		350610171ECB3CD1004DC913 /* DevAppUITests.swift */ = {isa = PBXFileReference; lastKnownFileType = sourcecode.swift; path = DevAppUITests.swift; sourceTree = "<group>"; };
		350610191ECB3CD1004DC913 /* Info.plist */ = {isa = PBXFileReference; lastKnownFileType = text.plist.xml; path = Info.plist; sourceTree = "<group>"; };
/* End PBXFileReference section */

/* Begin PBXFrameworksBuildPhase section */
		35060FF11ECB3CD1004DC913 /* Frameworks */ = {
			isa = PBXFrameworksBuildPhase;
			buildActionMask = 2147483647;
			files = (
			);
			runOnlyForDeploymentPostprocessing = 0;
		};
		350610051ECB3CD1004DC913 /* Frameworks */ = {
			isa = PBXFrameworksBuildPhase;
			buildActionMask = 2147483647;
			files = (
			);
			runOnlyForDeploymentPostprocessing = 0;
		};
		350610101ECB3CD1004DC913 /* Frameworks */ = {
			isa = PBXFrameworksBuildPhase;
			buildActionMask = 2147483647;
			files = (
			);
			runOnlyForDeploymentPostprocessing = 0;
		};
/* End PBXFrameworksBuildPhase section */

/* Begin PBXGroup section */
		35060FEB1ECB3CD0004DC913 = {
			isa = PBXGroup;
			children = (
				35060FF61ECB3CD1004DC913 /* DevApp */,
				3506100B1ECB3CD1004DC913 /* DevAppTests */,
				350610161ECB3CD1004DC913 /* DevAppUITests */,
				35060FF51ECB3CD1004DC913 /* Products */,
			);
			sourceTree = "<group>";
		};
		35060FF51ECB3CD1004DC913 /* Products */ = {
			isa = PBXGroup;
			children = (
				35060FF41ECB3CD1004DC913 /* DevApp.app */,
				350610081ECB3CD1004DC913 /* DevAppTests.xctest */,
				350610131ECB3CD1004DC913 /* DevAppUITests.xctest */,
			);
			name = Products;
			sourceTree = "<group>";
		};
		35060FF61ECB3CD1004DC913 /* DevApp */ = {
			isa = PBXGroup;
			children = (
				35060FF71ECB3CD1004DC913 /* AppDelegate.swift */,
				35060FF91ECB3CD1004DC913 /* ViewController.swift */,
				35060FFB1ECB3CD1004DC913 /* Main.storyboard */,
				35060FFE1ECB3CD1004DC913 /* Assets.xcassets */,
				350610001ECB3CD1004DC913 /* LaunchScreen.storyboard */,
				350610031ECB3CD1004DC913 /* Info.plist */,
			);
			path = DevApp;
			sourceTree = "<group>";
		};
		3506100B1ECB3CD1004DC913 /* DevAppTests */ = {
			isa = PBXGroup;
			children = (
				3506100C1ECB3CD1004DC913 /* DevAppTests.swift */,
				3506100E1ECB3CD1004DC913 /* Info.plist */,
			);
			path = DevAppTests;
			sourceTree = "<group>";
		};
		350610161ECB3CD1004DC913 /* DevAppUITests */ = {
			isa = PBXGroup;
			children = (
				350610171ECB3CD1004DC913 /* DevAppUITests.swift */,
				350610191ECB3CD1004DC913 /* Info.plist */,
			);
			path = DevAppUITests;
			sourceTree = "<group>";
		};
/* End PBXGroup section */

/* Begin PBXNativeTarget section */
		35060FF31ECB3CD1004DC913 /* DevApp */ = {
			isa = PBXNativeTarget;
			buildConfigurationList = 3506101C1ECB3CD1004DC913 /* Build configuration list for PBXNativeTarget "DevApp" */;
			buildPhases = (
				35060FF01ECB3CD1004DC913 /* Sources */,
				35060FF11ECB3CD1004DC913 /* Frameworks */,
				35060FF21ECB3CD1004DC913 /* Resources */,
			);
			buildRules = (
			);
			dependencies = (
			);
			name = DevApp;
			productName = DevApp;
			productReference = 35060FF41ECB3CD1004DC913 /* DevApp.app */;
			productType = "com.apple.product-type.application";
		};
		350610071ECB3CD1004DC913 /* DevAppTests */ = {
			isa = PBXNativeTarget;
			buildConfigurationList = 3506101F1ECB3CD1004DC913 /* Build configuration list for PBXNativeTarget "DevAppTests" */;
			buildPhases = (
				350610041ECB3CD1004DC913 /* Sources */,
				350610051ECB3CD1004DC913 /* Frameworks */,
				350610061ECB3CD1004DC913 /* Resources */,
			);
			buildRules = (
			);
			dependencies = (
				3506100A1ECB3CD1004DC913 /* PBXTargetDependency */,
			);
			name = DevAppTests;
			productName = DevAppTests;
			productReference = 350610081ECB3CD1004DC913 /* DevAppTests.xctest */;
			productType = "com.apple.product-type.bundle.unit-test";
		};
		350610121ECB3CD1004DC913 /* DevAppUITests */ = {
			isa = PBXNativeTarget;
			buildConfigurationList = 350610221ECB3CD1004DC913 /* Build configuration list for PBXNativeTarget "DevAppUITests" */;
			buildPhases = (
				3506100F1ECB3CD1004DC913 /* Sources */,
				350610101ECB3CD1004DC913 /* Frameworks */,
				350610111ECB3CD1004DC913 /* Resources */,
			);
			buildRules = (
			);
			dependencies = (
				350610151ECB3CD1004DC913 /* PBXTargetDependency */,
			);
			name = DevAppUITests;
			productName = DevAppUITests;
			productReference = 350610131ECB3CD1004DC913 /* DevAppUITests.xctest */;
			productType = "com.apple.product-type.bundle.ui-testing";
		};
/* End PBXNativeTarget section */

/* Begin PBXProject section */
		35060FEC1ECB3CD0004DC913 /* Project object */ = {
			isa = PBXProject;
			attributes = {
				LastSwiftUpdateCheck = 0830;
				LastUpgradeCheck = 0830;
				ORGANIZATIONNAME = kou2kkkt;
				TargetAttributes = {
					35060FF31ECB3CD1004DC913 = {
						CreatedOnToolsVersion = 8.3.2;
						DevelopmentTeam = P438E55PFS;
						ProvisioningStyle = Automatic;
					};
					350610071ECB3CD1004DC913 = {
						CreatedOnToolsVersion = 8.3.2;
						DevelopmentTeam = P438E55PFS;
						ProvisioningStyle = Automatic;
						TestTargetID = 35060FF31ECB3CD1004DC913;
					};
					350610121ECB3CD1004DC913 = {
						CreatedOnToolsVersion = 8.3.2;
						DevelopmentTeam = P438E55PFS;
						ProvisioningStyle = Automatic;
						TestTargetID = 35060FF31ECB3CD1004DC913;
					};
				};
			};
			buildConfigurationList = 35060FEF1ECB3CD0004DC913 /* Build configuration list for PBXProject "DevApp" */;
			compatibilityVersion = "Xcode 3.2";
			developmentRegion = English;
			hasScannedForEncodings = 0;
			knownRegions = (
				en,
				Base,
			);
			mainGroup = 35060FEB1ECB3CD0004DC913;
			productRefGroup = 35060FF51ECB3CD1004DC913 /* Products */;
			projectDirPath = "";
			projectRoot = "";
			targets = (
				35060FF31ECB3CD1004DC913 /* DevApp */,
				350610071ECB3CD1004DC913 /* DevAppTests */,
				350610121ECB3CD1004DC913 /* DevAppUITests */,
			);
		};
/* End PBXProject section */

/* Begin PBXResourcesBuildPhase section */
		35060FF21ECB3CD1004DC913 /* Resources */ = {
			isa = PBXResourcesBuildPhase;
			buildActionMask = 2147483647;
			files = (
				350610021ECB3CD1004DC913 /* LaunchScreen.storyboard in Resources */,
				35060FFF1ECB3CD1004DC913 /* Assets.xcassets in Resources */,
				35060FFD1ECB3CD1004DC913 /* Main.storyboard in Resources */,
			);
			runOnlyForDeploymentPostprocessing = 0;
		};
		350610061ECB3CD1004DC913 /* Resources */ = {
			isa = PBXResourcesBuildPhase;
			buildActionMask = 2147483647;
			files = (
			);
			runOnlyForDeploymentPostprocessing = 0;
		};
		350610111ECB3CD1004DC913 /* Resources */ = {
			isa = PBXResourcesBuildPhase;
			buildActionMask = 2147483647;
			files = (
			);
			runOnlyForDeploymentPostprocessing = 0;
		};
/* End PBXResourcesBuildPhase section */

/* Begin PBXSourcesBuildPhase section */
		35060FF01ECB3CD1004DC913 /* Sources */ = {
			isa = PBXSourcesBuildPhase;
			buildActionMask = 2147483647;
			files = (
				35060FFA1ECB3CD1004DC913 /* ViewController.swift in Sources */,
				35060FF81ECB3CD1004DC913 /* AppDelegate.swift in Sources */,
			);
			runOnlyForDeploymentPostprocessing = 0;
		};
		350610041ECB3CD1004DC913 /* Sources */ = {
			isa = PBXSourcesBuildPhase;
			buildActionMask = 2147483647;
			files = (
				3506100D1ECB3CD1004DC913 /* DevAppTests.swift in Sources */,
			);
			runOnlyForDeploymentPostprocessing = 0;
		};
		3506100F1ECB3CD1004DC913 /* Sources */ = {
			isa = PBXSourcesBuildPhase;
			buildActionMask = 2147483647;
			files = (
				350610181ECB3CD1004DC913 /* DevAppUITests.swift in Sources */,
			);
			runOnlyForDeploymentPostprocessing = 0;
		};
/* End PBXSourcesBuildPhase section */

/* Begin PBXTargetDependency section */
		3506100A1ECB3CD1004DC913 /* PBXTargetDependency */ = {
			isa = PBXTargetDependency;
			target = 35060FF31ECB3CD1004DC913 /* DevApp */;
			targetProxy = 350610091ECB3CD1004DC913 /* PBXContainerItemProxy */;
		};
		350610151ECB3CD1004DC913 /* PBXTargetDependency */ = {
			isa = PBXTargetDependency;
			target = 35060FF31ECB3CD1004DC913 /* DevApp */;
			targetProxy = 350610141ECB3CD1004DC913 /* PBXContainerItemProxy */;
		};
/* End PBXTargetDependency section */

/* Begin PBXVariantGroup section */
		35060FFB1ECB3CD1004DC913 /* Main.storyboard */ = {
			isa = PBXVariantGroup;
			children = (
				35060FFC1ECB3CD1004DC913 /* Base */,
			);
			name = Main.storyboard;
			sourceTree = "<group>";
		};
		350610001ECB3CD1004DC913 /* LaunchScreen.storyboard */ = {
			isa = PBXVariantGroup;
			children = (
				350610011ECB3CD1004DC913 /* Base */,
			);
			name = LaunchScreen.storyboard;
			sourceTree = "<group>";
		};
/* End PBXVariantGroup section */

/* Begin XCBuildConfiguration section */
		3506101A1ECB3CD1004DC913 /* Debug */ = {
			isa = XCBuildConfiguration;
			buildSettings = {
				ALWAYS_SEARCH_USER_PATHS = NO;
				CLANG_ANALYZER_NONNULL = YES;
				CLANG_ANALYZER_NUMBER_OBJECT_CONVERSION = YES_AGGRESSIVE;
				CLANG_CXX_LANGUAGE_STANDARD = "gnu++0x";
				CLANG_CXX_LIBRARY = "libc++";
				CLANG_ENABLE_MODULES = YES;
				CLANG_ENABLE_OBJC_ARC = YES;
				CLANG_WARN_BOOL_CONVERSION = YES;
				CLANG_WARN_CONSTANT_CONVERSION = YES;
				CLANG_WARN_DIRECT_OBJC_ISA_USAGE = YES_ERROR;
				CLANG_WARN_DOCUMENTATION_COMMENTS = YES;
				CLANG_WARN_EMPTY_BODY = YES;
				CLANG_WARN_ENUM_CONVERSION = YES;
				CLANG_WARN_INFINITE_RECURSION = YES;
				CLANG_WARN_INT_CONVERSION = YES;
				CLANG_WARN_OBJC_ROOT_CLASS = YES_ERROR;
				CLANG_WARN_SUSPICIOUS_MOVE = YES;
				CLANG_WARN_UNREACHABLE_CODE = YES;
				CLANG_WARN__DUPLICATE_METHOD_MATCH = YES;
				"CODE_SIGN_IDENTITY[sdk=iphoneos*]" = "iPhone Developer";
				COPY_PHASE_STRIP = NO;
				DEBUG_INFORMATION_FORMAT = dwarf;
				ENABLE_STRICT_OBJC_MSGSEND = YES;
				ENABLE_TESTABILITY = YES;
				GCC_C_LANGUAGE_STANDARD = gnu99;
				GCC_DYNAMIC_NO_PIC = NO;
				GCC_NO_COMMON_BLOCKS = YES;
				GCC_OPTIMIZATION_LEVEL = 0;
				GCC_PREPROCESSOR_DEFINITIONS = (
					"DEBUG=1",
					"$(inherited)",
				);
				GCC_WARN_64_TO_32_BIT_CONVERSION = YES;
				GCC_WARN_ABOUT_RETURN_TYPE = YES_ERROR;
				GCC_WARN_UNDECLARED_SELECTOR = YES;
				GCC_WARN_UNINITIALIZED_AUTOS = YES_AGGRESSIVE;
				GCC_WARN_UNUSED_FUNCTION = YES;
				GCC_WARN_UNUSED_VARIABLE = YES;
				IPHONEOS_DEPLOYMENT_TARGET = 10.3;
				MTL_ENABLE_DEBUG_INFO = YES;
				ONLY_ACTIVE_ARCH = YES;
				SDKROOT = iphoneos;
				SWIFT_ACTIVE_COMPILATION_CONDITIONS = DEBUG;
				SWIFT_OPTIMIZATION_LEVEL = "-Onone";
			};
			name = Debug;
		};
		3506101B1ECB3CD1004DC913 /* Release */ = {
			isa = XCBuildConfiguration;
			buildSettings = {
				ALWAYS_SEARCH_USER_PATHS = NO;
				CLANG_ANALYZER_NONNULL = YES;
				CLANG_ANALYZER_NUMBER_OBJECT_CONVERSION = YES_AGGRESSIVE;
				CLANG_CXX_LANGUAGE_STANDARD = "gnu++0x";
				CLANG_CXX_LIBRARY = "libc++";
				CLANG_ENABLE_MODULES = YES;
				CLANG_ENABLE_OBJC_ARC = YES;
				CLANG_WARN_BOOL_CONVERSION = YES;
				CLANG_WARN_CONSTANT_CONVERSION = YES;
				CLANG_WARN_DIRECT_OBJC_ISA_USAGE = YES_ERROR;
				CLANG_WARN_DOCUMENTATION_COMMENTS = YES;
				CLANG_WARN_EMPTY_BODY = YES;
				CLANG_WARN_ENUM_CONVERSION = YES;
				CLANG_WARN_INFINITE_RECURSION = YES;
				CLANG_WARN_INT_CONVERSION = YES;
				CLANG_WARN_OBJC_ROOT_CLASS = YES_ERROR;
				CLANG_WARN_SUSPICIOUS_MOVE = YES;
				CLANG_WARN_UNREACHABLE_CODE = YES;
				CLANG_WARN__DUPLICATE_METHOD_MATCH = YES;
				"CODE_SIGN_IDENTITY[sdk=iphoneos*]" = "iPhone Developer";
				COPY_PHASE_STRIP = NO;
				DEBUG_INFORMATION_FORMAT = "dwarf-with-dsym";
				ENABLE_NS_ASSERTIONS = NO;
				ENABLE_STRICT_OBJC_MSGSEND = YES;
				GCC_C_LANGUAGE_STANDARD = gnu99;
				GCC_NO_COMMON_BLOCKS = YES;
				GCC_WARN_64_TO_32_BIT_CONVERSION = YES;
				GCC_WARN_ABOUT_RETURN_TYPE = YES_ERROR;
				GCC_WARN_UNDECLARED_SELECTOR = YES;
				GCC_WARN_UNINITIALIZED_AUTOS = YES_AGGRESSIVE;
				GCC_WARN_UNUSED_FUNCTION = YES;
				GCC_WARN_UNUSED_VARIABLE = YES;
				IPHONEOS_DEPLOYMENT_TARGET = 10.3;
				MTL_ENABLE_DEBUG_INFO = NO;
				SDKROOT = iphoneos;
				SWIFT_OPTIMIZATION_LEVEL = "-Owholemodule";
				VALIDATE_PRODUCT = YES;
			};
			name = Release;
		};
		3506101D1ECB3CD1004DC913 /* Debug */ = {
			isa = XCBuildConfiguration;
			buildSettings = {
				ASSETCATALOG_COMPILER_APPICON_NAME = AppIcon;
				DEVELOPMENT_TEAM = P438E55PFS;
				INFOPLIST_FILE = DevApp/Info.plist;
				LD_RUNPATH_SEARCH_PATHS = "$(inherited) @executable_path/Frameworks";
				PRODUCT_BUNDLE_IDENTIFIER = kou2kkkt.DevApp;
				PRODUCT_NAME = "$(TARGET_NAME)";
				SWIFT_VERSION = 3.0;
			};
			name = Debug;
		};
		3506101E1ECB3CD1004DC913 /* Release */ = {
			isa = XCBuildConfiguration;
			buildSettings = {
				ASSETCATALOG_COMPILER_APPICON_NAME = AppIcon;
				DEVELOPMENT_TEAM = P438E55PFS;
				INFOPLIST_FILE = DevApp/Info.plist;
				LD_RUNPATH_SEARCH_PATHS = "$(inherited) @executable_path/Frameworks";
				PRODUCT_BUNDLE_IDENTIFIER = kou2kkkt.DevApp;
				PRODUCT_NAME = "$(TARGET_NAME)";
				SWIFT_VERSION = 3.0;
			};
			name = Release;
		};
		350610201ECB3CD1004DC913 /* Debug */ = {
			isa = XCBuildConfiguration;
			buildSettings = {
				ALWAYS_EMBED_SWIFT_STANDARD_LIBRARIES = YES;
				BUNDLE_LOADER = "$(TEST_HOST)";
				DEVELOPMENT_TEAM = P438E55PFS;
				INFOPLIST_FILE = DevAppTests/Info.plist;
				LD_RUNPATH_SEARCH_PATHS = "$(inherited) @executable_path/Frameworks @loader_path/Frameworks";
				PRODUCT_BUNDLE_IDENTIFIER = kou2kkkt.DevAppTests;
				PRODUCT_NAME = "$(TARGET_NAME)";
				SWIFT_VERSION = 3.0;
				TEST_HOST = "$(BUILT_PRODUCTS_DIR)/DevApp.app/DevApp";
			};
			name = Debug;
		};
		350610211ECB3CD1004DC913 /* Release */ = {
			isa = XCBuildConfiguration;
			buildSettings = {
				ALWAYS_EMBED_SWIFT_STANDARD_LIBRARIES = YES;
				BUNDLE_LOADER = "$(TEST_HOST)";
				DEVELOPMENT_TEAM = P438E55PFS;
				INFOPLIST_FILE = DevAppTests/Info.plist;
				LD_RUNPATH_SEARCH_PATHS = "$(inherited) @executable_path/Frameworks @loader_path/Frameworks";
				PRODUCT_BUNDLE_IDENTIFIER = kou2kkkt.DevAppTests;
				PRODUCT_NAME = "$(TARGET_NAME)";
				SWIFT_VERSION = 3.0;
				TEST_HOST = "$(BUILT_PRODUCTS_DIR)/DevApp.app/DevApp";
			};
			name = Release;
		};
		350610231ECB3CD1004DC913 /* Debug */ = {
			isa = XCBuildConfiguration;
			buildSettings = {
				ALWAYS_EMBED_SWIFT_STANDARD_LIBRARIES = YES;
				DEVELOPMENT_TEAM = P438E55PFS;
				INFOPLIST_FILE = DevAppUITests/Info.plist;
				LD_RUNPATH_SEARCH_PATHS = "$(inherited) @executable_path/Frameworks @loader_path/Frameworks";
				PRODUCT_BUNDLE_IDENTIFIER = kou2kkkt.DevAppUITests;
				PRODUCT_NAME = "$(TARGET_NAME)";
				SWIFT_VERSION = 3.0;
				TEST_TARGET_NAME = DevApp;
			};
			name = Debug;
		};
		350610241ECB3CD1004DC913 /* Release */ = {
			isa = XCBuildConfiguration;
			buildSettings = {
				ALWAYS_EMBED_SWIFT_STANDARD_LIBRARIES = YES;
				DEVELOPMENT_TEAM = P438E55PFS;
				INFOPLIST_FILE = DevAppUITests/Info.plist;
				LD_RUNPATH_SEARCH_PATHS = "$(inherited) @executable_path/Frameworks @loader_path/Frameworks";
				PRODUCT_BUNDLE_IDENTIFIER = kou2kkkt.DevAppUITests;
				PRODUCT_NAME = "$(TARGET_NAME)";
				SWIFT_VERSION = 3.0;
				TEST_TARGET_NAME = DevApp;
			};
			name = Release;
		};
/* End XCBuildConfiguration section */

/* Begin XCConfigurationList section */
		35060FEF1ECB3CD0004DC913 /* Build configuration list for PBXProject "DevApp" */ = {
			isa = XCConfigurationList;
			buildConfigurations = (
				3506101A1ECB3CD1004DC913 /* Debug */,
				3506101B1ECB3CD1004DC913 /* Release */,
			);
			defaultConfigurationIsVisible = 0;
			defaultConfigurationName = Release;
		};
		3506101C1ECB3CD1004DC913 /* Build configuration list for PBXNativeTarget "DevApp" */ = {
			isa = XCConfigurationList;
			buildConfigurations = (
				3506101D1ECB3CD1004DC913 /* Debug */,
				3506101E1ECB3CD1004DC913 /* Release */,
			);
			defaultConfigurationIsVisible = 0;
		};
		3506101F1ECB3CD1004DC913 /* Build configuration list for PBXNativeTarget "DevAppTests" */ = {
			isa = XCConfigurationList;
			buildConfigurations = (
				350610201ECB3CD1004DC913 /* Debug */,
				350610211ECB3CD1004DC913 /* Release */,
			);
			defaultConfigurationIsVisible = 0;
		};
		350610221ECB3CD1004DC913 /* Build configuration list for PBXNativeTarget "DevAppUITests" */ = {
			isa = XCConfigurationList;
			buildConfigurations = (
				350610231ECB3CD1004DC913 /* Debug */,
				350610241ECB3CD1004DC913 /* Release */,
			);
			defaultConfigurationIsVisible = 0;
		};
/* End XCConfigurationList section */
	};
	rootObject = 35060FEC1ECB3CD0004DC913 /* Project object */;
}
